
Microsoft Visual Studio Solution File, Format Version 12.00
# Visual Studio 15
VisualStudioVersion = 15.0.28010.2026
MinimumVisualStudioVersion = 10.0.40219.1
Project("{FAE04EC0-301F-11D3-BF4B-00C04F79EFBC}") = "Task05", "Task05\Task05.csproj", "{78196F5E-127C-42F9-BA53-9479C1AB582A}"
EndProject
Global
	GlobalSection(SolutionConfigurationPlatforms) = preSolution
		Debug|Any CPU = Debug|Any CPU
		Release|Any CPU = Release|Any CPU
	EndGlobalSection
	GlobalSection(ProjectConfigurationPlatforms) = postSolution
		{78196F5E-127C-42F9-BA53-9479C1AB582A}.Debug|Any CPU.ActiveCfg = Debug|Any CPU
		{78196F5E-127C-42F9-BA53-9479C1AB582A}.Debug|Any CPU.Build.0 = Debug|Any CPU
		{78196F5E-127C-42F9-BA53-9479C1AB582A}.Release|Any CPU.ActiveCfg = Release|Any CPU
		{78196F5E-127C-42F9-BA53-9479C1AB582A}.Release|Any CPU.Build.0 = Release|Any CPU
	EndGlobalSection
	GlobalSection(SolutionProperties) = preSolution
		HideSolutionNode = FALSE
	EndGlobalSection
	GlobalSection(ExtensibilityGlobals) = postSolution
		SolutionGuid = {97C09B8F-D497-4AEC-9B3E-D37361799CAC}
	EndGlobalSection
EndGlobal
