
Microsoft Visual Studio Solution File, Format Version 12.00
# Visual Studio 2012
Project("{FAE04EC0-301F-11D3-BF4B-00C04F79EFBC}") = "Task02", "Task01\Task02.csproj", "{C2EA2E7F-4242-46DA-99C1-F513116B66BB}"
EndProject
Project("{FAE04EC0-301F-11D3-BF4B-00C04F79EFBC}") = "Task01", "Task02\Task01.csproj", "{B80842C2-9290-4BBA-8AE0-633E3AEE15C7}"
EndProject
Project("{FAE04EC0-301F-11D3-BF4B-00C04F79EFBC}") = "Task03", "Task03\Task03.csproj", "{71F0D791-E838-4BB6-95D2-4F885DB2B14E}"
EndProject
Project("{FAE04EC0-301F-11D3-BF4B-00C04F79EFBC}") = "Task04", "Task04\Task04.csproj", "{9E4E8F06-BD92-418C-8030-4FA882C5A903}"
EndProject
Project("{FAE04EC0-301F-11D3-BF4B-00C04F79EFBC}") = "Task05", "Task05\Task05.csproj", "{2AC8C279-B2EA-4CDC-85DB-80EF26EBBB35}"
EndProject
Project("{FAE04EC0-301F-11D3-BF4B-00C04F79EFBC}") = "Task06", "Task06\Task06.csproj", "{E83F12F1-76BF-440D-9462-160C91F4C149}"
EndProject
Project("{FAE04EC0-301F-11D3-BF4B-00C04F79EFBC}") = "Task01Page8", "Task01Page8\Task01Page8.csproj", "{2F11C568-AC15-433E-B6EF-89BB072779C9}"
EndProject
Project("{FAE04EC0-301F-11D3-BF4B-00C04F79EFBC}") = "Task02Page8", "Task02Page8\Task02Page8.csproj", "{645DE69C-4E9B-403D-BF5D-1E197F889067}"
EndProject
Project("{FAE04EC0-301F-11D3-BF4B-00C04F79EFBC}") = "Task03Page8", "Task03Page8\Task03Page8.csproj", "{EC442B5C-D4D3-4070-A1CB-75995E8CC575}"
EndProject
Project("{FAE04EC0-301F-11D3-BF4B-00C04F79EFBC}") = "Task04Page8", "Task04Page8\Task04Page8.csproj", "{AE9C125F-2F64-4122-B344-AF2FE926D588}"
EndProject
Global
	GlobalSection(SolutionConfigurationPlatforms) = preSolution
		Debug|Any CPU = Debug|Any CPU
		Release|Any CPU = Release|Any CPU
	EndGlobalSection
	GlobalSection(ProjectConfigurationPlatforms) = postSolution
		{C2EA2E7F-4242-46DA-99C1-F513116B66BB}.Debug|Any CPU.ActiveCfg = Debug|Any CPU
		{C2EA2E7F-4242-46DA-99C1-F513116B66BB}.Debug|Any CPU.Build.0 = Debug|Any CPU
		{C2EA2E7F-4242-46DA-99C1-F513116B66BB}.Release|Any CPU.ActiveCfg = Release|Any CPU
		{C2EA2E7F-4242-46DA-99C1-F513116B66BB}.Release|Any CPU.Build.0 = Release|Any CPU
		{B80842C2-9290-4BBA-8AE0-633E3AEE15C7}.Debug|Any CPU.ActiveCfg = Debug|Any CPU
		{B80842C2-9290-4BBA-8AE0-633E3AEE15C7}.Debug|Any CPU.Build.0 = Debug|Any CPU
		{B80842C2-9290-4BBA-8AE0-633E3AEE15C7}.Release|Any CPU.ActiveCfg = Release|Any CPU
		{B80842C2-9290-4BBA-8AE0-633E3AEE15C7}.Release|Any CPU.Build.0 = Release|Any CPU
		{71F0D791-E838-4BB6-95D2-4F885DB2B14E}.Debug|Any CPU.ActiveCfg = Debug|Any CPU
		{71F0D791-E838-4BB6-95D2-4F885DB2B14E}.Debug|Any CPU.Build.0 = Debug|Any CPU
		{71F0D791-E838-4BB6-95D2-4F885DB2B14E}.Release|Any CPU.ActiveCfg = Release|Any CPU
		{71F0D791-E838-4BB6-95D2-4F885DB2B14E}.Release|Any CPU.Build.0 = Release|Any CPU
		{9E4E8F06-BD92-418C-8030-4FA882C5A903}.Debug|Any CPU.ActiveCfg = Debug|Any CPU
		{9E4E8F06-BD92-418C-8030-4FA882C5A903}.Debug|Any CPU.Build.0 = Debug|Any CPU
		{9E4E8F06-BD92-418C-8030-4FA882C5A903}.Release|Any CPU.ActiveCfg = Release|Any CPU
		{9E4E8F06-BD92-418C-8030-4FA882C5A903}.Release|Any CPU.Build.0 = Release|Any CPU
		{2AC8C279-B2EA-4CDC-85DB-80EF26EBBB35}.Debug|Any CPU.ActiveCfg = Debug|Any CPU
		{2AC8C279-B2EA-4CDC-85DB-80EF26EBBB35}.Debug|Any CPU.Build.0 = Debug|Any CPU
		{2AC8C279-B2EA-4CDC-85DB-80EF26EBBB35}.Release|Any CPU.ActiveCfg = Release|Any CPU
		{2AC8C279-B2EA-4CDC-85DB-80EF26EBBB35}.Release|Any CPU.Build.0 = Release|Any CPU
		{E83F12F1-76BF-440D-9462-160C91F4C149}.Debug|Any CPU.ActiveCfg = Debug|Any CPU
		{E83F12F1-76BF-440D-9462-160C91F4C149}.Debug|Any CPU.Build.0 = Debug|Any CPU
		{E83F12F1-76BF-440D-9462-160C91F4C149}.Release|Any CPU.ActiveCfg = Release|Any CPU
		{E83F12F1-76BF-440D-9462-160C91F4C149}.Release|Any CPU.Build.0 = Release|Any CPU
		{2F11C568-AC15-433E-B6EF-89BB072779C9}.Debug|Any CPU.ActiveCfg = Debug|Any CPU
		{2F11C568-AC15-433E-B6EF-89BB072779C9}.Debug|Any CPU.Build.0 = Debug|Any CPU
		{2F11C568-AC15-433E-B6EF-89BB072779C9}.Release|Any CPU.ActiveCfg = Release|Any CPU
		{2F11C568-AC15-433E-B6EF-89BB072779C9}.Release|Any CPU.Build.0 = Release|Any CPU
		{645DE69C-4E9B-403D-BF5D-1E197F889067}.Debug|Any CPU.ActiveCfg = Debug|Any CPU
		{645DE69C-4E9B-403D-BF5D-1E197F889067}.Debug|Any CPU.Build.0 = Debug|Any CPU
		{645DE69C-4E9B-403D-BF5D-1E197F889067}.Release|Any CPU.ActiveCfg = Release|Any CPU
		{645DE69C-4E9B-403D-BF5D-1E197F889067}.Release|Any CPU.Build.0 = Release|Any CPU
		{EC442B5C-D4D3-4070-A1CB-75995E8CC575}.Debug|Any CPU.ActiveCfg = Debug|Any CPU
		{EC442B5C-D4D3-4070-A1CB-75995E8CC575}.Debug|Any CPU.Build.0 = Debug|Any CPU
		{EC442B5C-D4D3-4070-A1CB-75995E8CC575}.Release|Any CPU.ActiveCfg = Release|Any CPU
		{EC442B5C-D4D3-4070-A1CB-75995E8CC575}.Release|Any CPU.Build.0 = Release|Any CPU
		{AE9C125F-2F64-4122-B344-AF2FE926D588}.Debug|Any CPU.ActiveCfg = Debug|Any CPU
		{AE9C125F-2F64-4122-B344-AF2FE926D588}.Debug|Any CPU.Build.0 = Debug|Any CPU
		{AE9C125F-2F64-4122-B344-AF2FE926D588}.Release|Any CPU.ActiveCfg = Release|Any CPU
		{AE9C125F-2F64-4122-B344-AF2FE926D588}.Release|Any CPU.Build.0 = Release|Any CPU
	EndGlobalSection
EndGlobal
