
Microsoft Visual Studio Solution File, Format Version 12.00
# Visual Studio 15
Project("{FAE04EC0-301F-11D3-BF4B-00C04F79EFBC}") = "Figures", "Figures\Figures.csproj", "{0E97F31C-359C-4F70-9AF1-F0DC3DBC1F5C}"
EndProject
Project("{FAE04EC0-301F-11D3-BF4B-00C04F79EFBC}") = "Task01", "Task01\Task01.csproj", "{F5A690FE-794F-4D4F-B09C-6D6E4A7F8BC9}"
EndProject
Project("{FAE04EC0-301F-11D3-BF4B-00C04F79EFBC}") = "Task02", "Task02\Task02.csproj", "{2B0A49E5-DA94-42B0-96EE-2C52EC487E2A}"
EndProject
Project("{FAE04EC0-301F-11D3-BF4B-00C04F79EFBC}") = "Task03", "Task03\Task03.csproj", "{E81466B1-8F9D-49A9-B8DE-AF7788280C5C}"
EndProject
Project("{FAE04EC0-301F-11D3-BF4B-00C04F79EFBC}") = "Task04", "Task04\Task04.csproj", "{ADE35144-933F-429A-BF0C-543B03C8F91A}"
EndProject
Project("{FAE04EC0-301F-11D3-BF4B-00C04F79EFBC}") = "Task05", "Task05\Task05.csproj", "{4CE83E16-A2FE-4FFE-97C1-540998D8C0C6}"
EndProject
Project("{FAE04EC0-301F-11D3-BF4B-00C04F79EFBC}") = "Task06", "Task06\Task06.csproj", "{FBDD0C4F-2C76-4153-9A00-4B9D385080F1}"
EndProject
Project("{FAE04EC0-301F-11D3-BF4B-00C04F79EFBC}") = "Task07", "Task07\Task07.csproj", "{648567FA-F6FE-46E5-88E6-4E5D390AACEE}"
EndProject
Project("{FAE04EC0-301F-11D3-BF4B-00C04F79EFBC}") = "Task08", "Task08\Task08.csproj", "{6DD02DFF-F0ED-4F91-9481-27228728F26A}"
EndProject
Global
	GlobalSection(SolutionConfigurationPlatforms) = preSolution
		Debug|Any CPU = Debug|Any CPU
		Release|Any CPU = Release|Any CPU
	EndGlobalSection
	GlobalSection(ProjectConfigurationPlatforms) = postSolution
		{0E97F31C-359C-4F70-9AF1-F0DC3DBC1F5C}.Debug|Any CPU.ActiveCfg = Debug|Any CPU
		{0E97F31C-359C-4F70-9AF1-F0DC3DBC1F5C}.Debug|Any CPU.Build.0 = Debug|Any CPU
		{0E97F31C-359C-4F70-9AF1-F0DC3DBC1F5C}.Release|Any CPU.ActiveCfg = Release|Any CPU
		{0E97F31C-359C-4F70-9AF1-F0DC3DBC1F5C}.Release|Any CPU.Build.0 = Release|Any CPU
		{F5A690FE-794F-4D4F-B09C-6D6E4A7F8BC9}.Debug|Any CPU.ActiveCfg = Debug|Any CPU
		{F5A690FE-794F-4D4F-B09C-6D6E4A7F8BC9}.Debug|Any CPU.Build.0 = Debug|Any CPU
		{F5A690FE-794F-4D4F-B09C-6D6E4A7F8BC9}.Release|Any CPU.ActiveCfg = Release|Any CPU
		{F5A690FE-794F-4D4F-B09C-6D6E4A7F8BC9}.Release|Any CPU.Build.0 = Release|Any CPU
		{2B0A49E5-DA94-42B0-96EE-2C52EC487E2A}.Debug|Any CPU.ActiveCfg = Debug|Any CPU
		{2B0A49E5-DA94-42B0-96EE-2C52EC487E2A}.Debug|Any CPU.Build.0 = Debug|Any CPU
		{2B0A49E5-DA94-42B0-96EE-2C52EC487E2A}.Release|Any CPU.ActiveCfg = Release|Any CPU
		{2B0A49E5-DA94-42B0-96EE-2C52EC487E2A}.Release|Any CPU.Build.0 = Release|Any CPU
		{E81466B1-8F9D-49A9-B8DE-AF7788280C5C}.Debug|Any CPU.ActiveCfg = Debug|Any CPU
		{E81466B1-8F9D-49A9-B8DE-AF7788280C5C}.Debug|Any CPU.Build.0 = Debug|Any CPU
		{E81466B1-8F9D-49A9-B8DE-AF7788280C5C}.Release|Any CPU.ActiveCfg = Release|Any CPU
		{E81466B1-8F9D-49A9-B8DE-AF7788280C5C}.Release|Any CPU.Build.0 = Release|Any CPU
		{ADE35144-933F-429A-BF0C-543B03C8F91A}.Debug|Any CPU.ActiveCfg = Debug|Any CPU
		{ADE35144-933F-429A-BF0C-543B03C8F91A}.Debug|Any CPU.Build.0 = Debug|Any CPU
		{ADE35144-933F-429A-BF0C-543B03C8F91A}.Release|Any CPU.ActiveCfg = Release|Any CPU
		{ADE35144-933F-429A-BF0C-543B03C8F91A}.Release|Any CPU.Build.0 = Release|Any CPU
		{4CE83E16-A2FE-4FFE-97C1-540998D8C0C6}.Debug|Any CPU.ActiveCfg = Debug|Any CPU
		{4CE83E16-A2FE-4FFE-97C1-540998D8C0C6}.Debug|Any CPU.Build.0 = Debug|Any CPU
		{4CE83E16-A2FE-4FFE-97C1-540998D8C0C6}.Release|Any CPU.ActiveCfg = Release|Any CPU
		{4CE83E16-A2FE-4FFE-97C1-540998D8C0C6}.Release|Any CPU.Build.0 = Release|Any CPU
		{FBDD0C4F-2C76-4153-9A00-4B9D385080F1}.Debug|Any CPU.ActiveCfg = Debug|Any CPU
		{FBDD0C4F-2C76-4153-9A00-4B9D385080F1}.Debug|Any CPU.Build.0 = Debug|Any CPU
		{FBDD0C4F-2C76-4153-9A00-4B9D385080F1}.Release|Any CPU.ActiveCfg = Release|Any CPU
		{FBDD0C4F-2C76-4153-9A00-4B9D385080F1}.Release|Any CPU.Build.0 = Release|Any CPU
		{648567FA-F6FE-46E5-88E6-4E5D390AACEE}.Debug|Any CPU.ActiveCfg = Debug|Any CPU
		{648567FA-F6FE-46E5-88E6-4E5D390AACEE}.Debug|Any CPU.Build.0 = Debug|Any CPU
		{648567FA-F6FE-46E5-88E6-4E5D390AACEE}.Release|Any CPU.ActiveCfg = Release|Any CPU
		{648567FA-F6FE-46E5-88E6-4E5D390AACEE}.Release|Any CPU.Build.0 = Release|Any CPU
		{6DD02DFF-F0ED-4F91-9481-27228728F26A}.Debug|Any CPU.ActiveCfg = Debug|Any CPU
		{6DD02DFF-F0ED-4F91-9481-27228728F26A}.Debug|Any CPU.Build.0 = Debug|Any CPU
		{6DD02DFF-F0ED-4F91-9481-27228728F26A}.Release|Any CPU.ActiveCfg = Release|Any CPU
		{6DD02DFF-F0ED-4F91-9481-27228728F26A}.Release|Any CPU.Build.0 = Release|Any CPU
	EndGlobalSection
EndGlobal
