
Microsoft Visual Studio Solution File, Format Version 12.00
# Visual Studio 15
Project("{FAE04EC0-301F-11D3-BF4B-00C04F79EFBC}") = "Task01", "Task01\Task01.csproj", "{E812D86A-929A-49CC-8F7D-1BEABAE6A319}"
EndProject
Project("{FAE04EC0-301F-11D3-BF4B-00C04F79EFBC}") = "Task02", "Task02\Task02.csproj", "{C7945BAF-2BED-4DE0-BA20-114D1699855D}"
EndProject
Project("{FAE04EC0-301F-11D3-BF4B-00C04F79EFBC}") = "Task03", "Task03\Task03.csproj", "{595A26AA-441F-4DC6-B6D7-641EDEE4F44C}"
EndProject
Project("{FAE04EC0-301F-11D3-BF4B-00C04F79EFBC}") = "Task05", "Task05\Task05.csproj", "{42812BC4-ADF4-462A-A741-E003108F7D56}"
EndProject
Project("{FAE04EC0-301F-11D3-BF4B-00C04F79EFBC}") = "Task04", "Task04\Task04.csproj", "{2FC8236A-7809-4EB2-9EF9-1EFAB3E0EBF8}"
EndProject
Project("{FAE04EC0-301F-11D3-BF4B-00C04F79EFBC}") = "TaskPage18", "TaskPage18\TaskPage18.csproj", "{B5CD232B-1CFD-4CF4-AFD9-E2939A0D8A77}"
EndProject
Project("{FAE04EC0-301F-11D3-BF4B-00C04F79EFBC}") = "LibPage18", "LibPage18\LibPage18.csproj", "{168AA4EC-4EE8-47B4-97F4-5535D2F93793}"
EndProject
Project("{FAE04EC0-301F-11D3-BF4B-00C04F79EFBC}") = "Checker", "Checker\Checker.csproj", "{EA4A33B0-44F0-4332-AC5E-9B30D4B24C73}"
EndProject
Project("{FAE04EC0-301F-11D3-BF4B-00C04F79EFBC}") = "TaskPage19", "TaskPage19\TaskPage19.csproj", "{4FFA3827-6F6C-48E6-853A-77104CFA8581}"
EndProject
Project("{FAE04EC0-301F-11D3-BF4B-00C04F79EFBC}") = "LibPage19", "LibPage19\LibPage19.csproj", "{8971A2E8-A4A3-4047-92EA-D45EE6B4B00F}"
EndProject
Project("{FAE04EC0-301F-11D3-BF4B-00C04F79EFBC}") = "TaskPage20", "TaskPage20\TaskPage20.csproj", "{DBCFE1BB-8AC5-43D9-B7A4-AB4250055DC9}"
EndProject
Global
	GlobalSection(SolutionConfigurationPlatforms) = preSolution
		Debug|x86 = Debug|x86
		Release|x86 = Release|x86
	EndGlobalSection
	GlobalSection(ProjectConfigurationPlatforms) = postSolution
		{E812D86A-929A-49CC-8F7D-1BEABAE6A319}.Debug|x86.ActiveCfg = Debug|x86
		{E812D86A-929A-49CC-8F7D-1BEABAE6A319}.Debug|x86.Build.0 = Debug|x86
		{E812D86A-929A-49CC-8F7D-1BEABAE6A319}.Release|x86.ActiveCfg = Release|x86
		{E812D86A-929A-49CC-8F7D-1BEABAE6A319}.Release|x86.Build.0 = Release|x86
		{C7945BAF-2BED-4DE0-BA20-114D1699855D}.Debug|x86.ActiveCfg = Debug|x86
		{C7945BAF-2BED-4DE0-BA20-114D1699855D}.Debug|x86.Build.0 = Debug|x86
		{C7945BAF-2BED-4DE0-BA20-114D1699855D}.Release|x86.ActiveCfg = Release|x86
		{C7945BAF-2BED-4DE0-BA20-114D1699855D}.Release|x86.Build.0 = Release|x86
		{595A26AA-441F-4DC6-B6D7-641EDEE4F44C}.Debug|x86.ActiveCfg = Debug|x86
		{595A26AA-441F-4DC6-B6D7-641EDEE4F44C}.Debug|x86.Build.0 = Debug|x86
		{595A26AA-441F-4DC6-B6D7-641EDEE4F44C}.Release|x86.ActiveCfg = Release|x86
		{595A26AA-441F-4DC6-B6D7-641EDEE4F44C}.Release|x86.Build.0 = Release|x86
		{42812BC4-ADF4-462A-A741-E003108F7D56}.Debug|x86.ActiveCfg = Debug|x86
		{42812BC4-ADF4-462A-A741-E003108F7D56}.Debug|x86.Build.0 = Debug|x86
		{42812BC4-ADF4-462A-A741-E003108F7D56}.Release|x86.ActiveCfg = Release|x86
		{42812BC4-ADF4-462A-A741-E003108F7D56}.Release|x86.Build.0 = Release|x86
		{2FC8236A-7809-4EB2-9EF9-1EFAB3E0EBF8}.Debug|x86.ActiveCfg = Debug|x86
		{2FC8236A-7809-4EB2-9EF9-1EFAB3E0EBF8}.Debug|x86.Build.0 = Debug|x86
		{2FC8236A-7809-4EB2-9EF9-1EFAB3E0EBF8}.Release|x86.ActiveCfg = Release|x86
		{2FC8236A-7809-4EB2-9EF9-1EFAB3E0EBF8}.Release|x86.Build.0 = Release|x86
		{B5CD232B-1CFD-4CF4-AFD9-E2939A0D8A77}.Debug|x86.ActiveCfg = Debug|x86
		{B5CD232B-1CFD-4CF4-AFD9-E2939A0D8A77}.Debug|x86.Build.0 = Debug|x86
		{B5CD232B-1CFD-4CF4-AFD9-E2939A0D8A77}.Release|x86.ActiveCfg = Release|x86
		{B5CD232B-1CFD-4CF4-AFD9-E2939A0D8A77}.Release|x86.Build.0 = Release|x86
		{168AA4EC-4EE8-47B4-97F4-5535D2F93793}.Debug|x86.ActiveCfg = Debug|Any CPU
		{168AA4EC-4EE8-47B4-97F4-5535D2F93793}.Debug|x86.Build.0 = Debug|Any CPU
		{168AA4EC-4EE8-47B4-97F4-5535D2F93793}.Release|x86.ActiveCfg = Release|Any CPU
		{168AA4EC-4EE8-47B4-97F4-5535D2F93793}.Release|x86.Build.0 = Release|Any CPU
		{EA4A33B0-44F0-4332-AC5E-9B30D4B24C73}.Debug|x86.ActiveCfg = Debug|Any CPU
		{EA4A33B0-44F0-4332-AC5E-9B30D4B24C73}.Debug|x86.Build.0 = Debug|Any CPU
		{EA4A33B0-44F0-4332-AC5E-9B30D4B24C73}.Release|x86.ActiveCfg = Release|Any CPU
		{EA4A33B0-44F0-4332-AC5E-9B30D4B24C73}.Release|x86.Build.0 = Release|Any CPU
		{4FFA3827-6F6C-48E6-853A-77104CFA8581}.Debug|x86.ActiveCfg = Debug|x86
		{4FFA3827-6F6C-48E6-853A-77104CFA8581}.Debug|x86.Build.0 = Debug|x86
		{4FFA3827-6F6C-48E6-853A-77104CFA8581}.Release|x86.ActiveCfg = Release|x86
		{4FFA3827-6F6C-48E6-853A-77104CFA8581}.Release|x86.Build.0 = Release|x86
		{8971A2E8-A4A3-4047-92EA-D45EE6B4B00F}.Debug|x86.ActiveCfg = Debug|Any CPU
		{8971A2E8-A4A3-4047-92EA-D45EE6B4B00F}.Debug|x86.Build.0 = Debug|Any CPU
		{8971A2E8-A4A3-4047-92EA-D45EE6B4B00F}.Release|x86.ActiveCfg = Release|Any CPU
		{8971A2E8-A4A3-4047-92EA-D45EE6B4B00F}.Release|x86.Build.0 = Release|Any CPU
		{DBCFE1BB-8AC5-43D9-B7A4-AB4250055DC9}.Debug|x86.ActiveCfg = Debug|x86
		{DBCFE1BB-8AC5-43D9-B7A4-AB4250055DC9}.Debug|x86.Build.0 = Debug|x86
		{DBCFE1BB-8AC5-43D9-B7A4-AB4250055DC9}.Release|x86.ActiveCfg = Release|x86
		{DBCFE1BB-8AC5-43D9-B7A4-AB4250055DC9}.Release|x86.Build.0 = Release|x86
	EndGlobalSection
EndGlobal
