
Microsoft Visual Studio Solution File, Format Version 12.00
# Visual Studio 15
Project("{FAE04EC0-301F-11D3-BF4B-00C04F79EFBC}") = "Task01", "Task01\Task01.csproj", "{ABB71BF9-5064-4CC4-891B-A28533C43968}"
EndProject
Project("{FAE04EC0-301F-11D3-BF4B-00C04F79EFBC}") = "Checker", "Checker\Checker.csproj", "{5F24B897-6775-4604-8B55-6E5F23FA9CC5}"
EndProject
Project("{FAE04EC0-301F-11D3-BF4B-00C04F79EFBC}") = "Task02", "Task02\Task02.csproj", "{554583A1-E4F5-45D6-AC8E-6D3DC3F7F6F7}"
EndProject
Project("{FAE04EC0-301F-11D3-BF4B-00C04F79EFBC}") = "Task03", "Task03\Task03.csproj", "{CD6F9687-2D52-4E4C-9FEF-8166DBC1395F}"
EndProject
Project("{FAE04EC0-301F-11D3-BF4B-00C04F79EFBC}") = "Task04", "Task04\Task04.csproj", "{FEF4FB65-ADBB-4D1A-94E8-3B2AD77ADD7E}"
EndProject
Project("{FAE04EC0-301F-11D3-BF4B-00C04F79EFBC}") = "Task05", "Task05\Task05.csproj", "{045AC541-F365-459A-802C-5A5FB3DFD8AE}"
EndProject
Project("{FAE04EC0-301F-11D3-BF4B-00C04F79EFBC}") = "Task06", "Task06\Task06.csproj", "{CA16535A-BF00-4587-BFAB-8864BDE81356}"
EndProject
Project("{FAE04EC0-301F-11D3-BF4B-00C04F79EFBC}") = "Task07", "Task07\Task07.csproj", "{10E10E47-53FA-4C8D-8CF4-F7AB476E53D6}"
EndProject
Project("{FAE04EC0-301F-11D3-BF4B-00C04F79EFBC}") = "Task08", "Task08\Task08.csproj", "{16AD3017-ACC8-4F37-B1C1-4B520F59DE17}"
EndProject
Project("{FAE04EC0-301F-11D3-BF4B-00C04F79EFBC}") = "TaskPage24", "TaskPage24\TaskPage24.csproj", "{8233A503-F0AB-489C-BBF1-1A6F447DBADD}"
EndProject
Project("{FAE04EC0-301F-11D3-BF4B-00C04F79EFBC}") = "TaskPage25", "TaskPage25\TaskPage25.csproj", "{87E76F99-5EA4-4F73-A917-C323736D49BE}"
EndProject
Global
	GlobalSection(SolutionConfigurationPlatforms) = preSolution
		Debug|x86 = Debug|x86
		Release|x86 = Release|x86
	EndGlobalSection
	GlobalSection(ProjectConfigurationPlatforms) = postSolution
		{ABB71BF9-5064-4CC4-891B-A28533C43968}.Debug|x86.ActiveCfg = Debug|x86
		{ABB71BF9-5064-4CC4-891B-A28533C43968}.Debug|x86.Build.0 = Debug|x86
		{ABB71BF9-5064-4CC4-891B-A28533C43968}.Release|x86.ActiveCfg = Release|x86
		{ABB71BF9-5064-4CC4-891B-A28533C43968}.Release|x86.Build.0 = Release|x86
		{5F24B897-6775-4604-8B55-6E5F23FA9CC5}.Debug|x86.ActiveCfg = Debug|Any CPU
		{5F24B897-6775-4604-8B55-6E5F23FA9CC5}.Debug|x86.Build.0 = Debug|Any CPU
		{5F24B897-6775-4604-8B55-6E5F23FA9CC5}.Release|x86.ActiveCfg = Release|Any CPU
		{5F24B897-6775-4604-8B55-6E5F23FA9CC5}.Release|x86.Build.0 = Release|Any CPU
		{554583A1-E4F5-45D6-AC8E-6D3DC3F7F6F7}.Debug|x86.ActiveCfg = Debug|x86
		{554583A1-E4F5-45D6-AC8E-6D3DC3F7F6F7}.Debug|x86.Build.0 = Debug|x86
		{554583A1-E4F5-45D6-AC8E-6D3DC3F7F6F7}.Release|x86.ActiveCfg = Release|x86
		{554583A1-E4F5-45D6-AC8E-6D3DC3F7F6F7}.Release|x86.Build.0 = Release|x86
		{CD6F9687-2D52-4E4C-9FEF-8166DBC1395F}.Debug|x86.ActiveCfg = Debug|x86
		{CD6F9687-2D52-4E4C-9FEF-8166DBC1395F}.Debug|x86.Build.0 = Debug|x86
		{CD6F9687-2D52-4E4C-9FEF-8166DBC1395F}.Release|x86.ActiveCfg = Release|x86
		{CD6F9687-2D52-4E4C-9FEF-8166DBC1395F}.Release|x86.Build.0 = Release|x86
		{FEF4FB65-ADBB-4D1A-94E8-3B2AD77ADD7E}.Debug|x86.ActiveCfg = Debug|x86
		{FEF4FB65-ADBB-4D1A-94E8-3B2AD77ADD7E}.Debug|x86.Build.0 = Debug|x86
		{FEF4FB65-ADBB-4D1A-94E8-3B2AD77ADD7E}.Release|x86.ActiveCfg = Release|x86
		{FEF4FB65-ADBB-4D1A-94E8-3B2AD77ADD7E}.Release|x86.Build.0 = Release|x86
		{045AC541-F365-459A-802C-5A5FB3DFD8AE}.Debug|x86.ActiveCfg = Debug|x86
		{045AC541-F365-459A-802C-5A5FB3DFD8AE}.Debug|x86.Build.0 = Debug|x86
		{045AC541-F365-459A-802C-5A5FB3DFD8AE}.Release|x86.ActiveCfg = Release|x86
		{045AC541-F365-459A-802C-5A5FB3DFD8AE}.Release|x86.Build.0 = Release|x86
		{CA16535A-BF00-4587-BFAB-8864BDE81356}.Debug|x86.ActiveCfg = Debug|x86
		{CA16535A-BF00-4587-BFAB-8864BDE81356}.Debug|x86.Build.0 = Debug|x86
		{CA16535A-BF00-4587-BFAB-8864BDE81356}.Release|x86.ActiveCfg = Release|x86
		{CA16535A-BF00-4587-BFAB-8864BDE81356}.Release|x86.Build.0 = Release|x86
		{10E10E47-53FA-4C8D-8CF4-F7AB476E53D6}.Debug|x86.ActiveCfg = Debug|x86
		{10E10E47-53FA-4C8D-8CF4-F7AB476E53D6}.Debug|x86.Build.0 = Debug|x86
		{10E10E47-53FA-4C8D-8CF4-F7AB476E53D6}.Release|x86.ActiveCfg = Release|x86
		{10E10E47-53FA-4C8D-8CF4-F7AB476E53D6}.Release|x86.Build.0 = Release|x86
		{16AD3017-ACC8-4F37-B1C1-4B520F59DE17}.Debug|x86.ActiveCfg = Debug|x86
		{16AD3017-ACC8-4F37-B1C1-4B520F59DE17}.Debug|x86.Build.0 = Debug|x86
		{16AD3017-ACC8-4F37-B1C1-4B520F59DE17}.Release|x86.ActiveCfg = Release|x86
		{16AD3017-ACC8-4F37-B1C1-4B520F59DE17}.Release|x86.Build.0 = Release|x86
		{8233A503-F0AB-489C-BBF1-1A6F447DBADD}.Debug|x86.ActiveCfg = Debug|x86
		{8233A503-F0AB-489C-BBF1-1A6F447DBADD}.Debug|x86.Build.0 = Debug|x86
		{8233A503-F0AB-489C-BBF1-1A6F447DBADD}.Release|x86.ActiveCfg = Release|x86
		{8233A503-F0AB-489C-BBF1-1A6F447DBADD}.Release|x86.Build.0 = Release|x86
		{87E76F99-5EA4-4F73-A917-C323736D49BE}.Debug|x86.ActiveCfg = Debug|x86
		{87E76F99-5EA4-4F73-A917-C323736D49BE}.Debug|x86.Build.0 = Debug|x86
		{87E76F99-5EA4-4F73-A917-C323736D49BE}.Release|x86.ActiveCfg = Release|x86
		{87E76F99-5EA4-4F73-A917-C323736D49BE}.Release|x86.Build.0 = Release|x86
	EndGlobalSection
EndGlobal
