
Microsoft Visual Studio Solution File, Format Version 12.00
# Visual Studio 15
Project("{FAE04EC0-301F-11D3-BF4B-00C04F79EFBC}") = "Task01", "Task01\Task01.csproj", "{1E723923-F8E5-49B4-8BBA-20E6F7DDD55B}"
EndProject
Project("{FAE04EC0-301F-11D3-BF4B-00C04F79EFBC}") = "Task02", "Task02\Task02.csproj", "{00948E5B-E011-49EB-85BF-AD564F389C9D}"
EndProject
Project("{FAE04EC0-301F-11D3-BF4B-00C04F79EFBC}") = "Task03", "Task03\Task03.csproj", "{C2CB5F41-2346-4BEC-BB39-B829345C3966}"
EndProject
Project("{FAE04EC0-301F-11D3-BF4B-00C04F79EFBC}") = "Task04", "Task04\Task04.csproj", "{A7C08E29-4554-493F-B467-510CB501071B}"
EndProject
Global
	GlobalSection(SolutionConfigurationPlatforms) = preSolution
		Debug|x86 = Debug|x86
		Release|x86 = Release|x86
	EndGlobalSection
	GlobalSection(ProjectConfigurationPlatforms) = postSolution
		{1E723923-F8E5-49B4-8BBA-20E6F7DDD55B}.Debug|x86.ActiveCfg = Debug|x86
		{1E723923-F8E5-49B4-8BBA-20E6F7DDD55B}.Debug|x86.Build.0 = Debug|x86
		{1E723923-F8E5-49B4-8BBA-20E6F7DDD55B}.Release|x86.ActiveCfg = Release|x86
		{1E723923-F8E5-49B4-8BBA-20E6F7DDD55B}.Release|x86.Build.0 = Release|x86
		{00948E5B-E011-49EB-85BF-AD564F389C9D}.Debug|x86.ActiveCfg = Debug|x86
		{00948E5B-E011-49EB-85BF-AD564F389C9D}.Debug|x86.Build.0 = Debug|x86
		{00948E5B-E011-49EB-85BF-AD564F389C9D}.Release|x86.ActiveCfg = Release|x86
		{00948E5B-E011-49EB-85BF-AD564F389C9D}.Release|x86.Build.0 = Release|x86
		{C2CB5F41-2346-4BEC-BB39-B829345C3966}.Debug|x86.ActiveCfg = Debug|x86
		{C2CB5F41-2346-4BEC-BB39-B829345C3966}.Debug|x86.Build.0 = Debug|x86
		{C2CB5F41-2346-4BEC-BB39-B829345C3966}.Release|x86.ActiveCfg = Release|x86
		{C2CB5F41-2346-4BEC-BB39-B829345C3966}.Release|x86.Build.0 = Release|x86
		{A7C08E29-4554-493F-B467-510CB501071B}.Debug|x86.ActiveCfg = Debug|x86
		{A7C08E29-4554-493F-B467-510CB501071B}.Debug|x86.Build.0 = Debug|x86
		{A7C08E29-4554-493F-B467-510CB501071B}.Release|x86.ActiveCfg = Release|x86
		{A7C08E29-4554-493F-B467-510CB501071B}.Release|x86.Build.0 = Release|x86
	EndGlobalSection
EndGlobal
