
Microsoft Visual Studio Solution File, Format Version 12.00
# Visual Studio 2012
Project("{FAE04EC0-301F-11D3-BF4B-00C04F79EFBC}") = "Task06", "Task06\Task06.csproj", "{B28DC7BF-7167-4917-B9F2-9DAAE0616515}"
EndProject
Project("{FAE04EC0-301F-11D3-BF4B-00C04F79EFBC}") = "Task01Page13", "Task01Page13\Task01Page13.csproj", "{D9DD81B3-AEEA-4277-8BED-A01E8499D62B}"
EndProject
Project("{FAE04EC0-301F-11D3-BF4B-00C04F79EFBC}") = "Task02Page13", "Task02Page13\Task02Page13.csproj", "{8234BD07-8BBD-4451-A47A-F3C65D99C27E}"
EndProject
Project("{FAE04EC0-301F-11D3-BF4B-00C04F79EFBC}") = "Task01Page14", "Task01Page14\Task01Page14.csproj", "{E5DA78C2-5DEF-4F5E-A862-2DCD4139AE6F}"
EndProject
Project("{FAE04EC0-301F-11D3-BF4B-00C04F79EFBC}") = "Task02Page14", "Task02Page14\Task02Page14.csproj", "{0E001FCC-5941-4AA7-AB83-04B304B1EA22}"
EndProject
Project("{FAE04EC0-301F-11D3-BF4B-00C04F79EFBC}") = "Task03Page14", "Task03Page14\Task03Page14.csproj", "{86392699-6956-4899-B1A5-86C213D09B20}"
EndProject
Project("{FAE04EC0-301F-11D3-BF4B-00C04F79EFBC}") = "Task04Page14", "Task04Page14\Task04Page14.csproj", "{C956041D-9C22-4ACB-B476-7DECC74CDD71}"
EndProject
Project("{FAE04EC0-301F-11D3-BF4B-00C04F79EFBC}") = "Task04", "Task04\Task04.csproj", "{A104114A-8DDB-4827-A29F-7218448F768E}"
EndProject
Global
	GlobalSection(SolutionConfigurationPlatforms) = preSolution
		Debug|Any CPU = Debug|Any CPU
		Release|Any CPU = Release|Any CPU
	EndGlobalSection
	GlobalSection(ProjectConfigurationPlatforms) = postSolution
		{B28DC7BF-7167-4917-B9F2-9DAAE0616515}.Debug|Any CPU.ActiveCfg = Debug|Any CPU
		{B28DC7BF-7167-4917-B9F2-9DAAE0616515}.Debug|Any CPU.Build.0 = Debug|Any CPU
		{B28DC7BF-7167-4917-B9F2-9DAAE0616515}.Release|Any CPU.ActiveCfg = Release|Any CPU
		{B28DC7BF-7167-4917-B9F2-9DAAE0616515}.Release|Any CPU.Build.0 = Release|Any CPU
		{D9DD81B3-AEEA-4277-8BED-A01E8499D62B}.Debug|Any CPU.ActiveCfg = Debug|Any CPU
		{D9DD81B3-AEEA-4277-8BED-A01E8499D62B}.Debug|Any CPU.Build.0 = Debug|Any CPU
		{D9DD81B3-AEEA-4277-8BED-A01E8499D62B}.Release|Any CPU.ActiveCfg = Release|Any CPU
		{D9DD81B3-AEEA-4277-8BED-A01E8499D62B}.Release|Any CPU.Build.0 = Release|Any CPU
		{8234BD07-8BBD-4451-A47A-F3C65D99C27E}.Debug|Any CPU.ActiveCfg = Debug|Any CPU
		{8234BD07-8BBD-4451-A47A-F3C65D99C27E}.Debug|Any CPU.Build.0 = Debug|Any CPU
		{8234BD07-8BBD-4451-A47A-F3C65D99C27E}.Release|Any CPU.ActiveCfg = Release|Any CPU
		{8234BD07-8BBD-4451-A47A-F3C65D99C27E}.Release|Any CPU.Build.0 = Release|Any CPU
		{E5DA78C2-5DEF-4F5E-A862-2DCD4139AE6F}.Debug|Any CPU.ActiveCfg = Debug|Any CPU
		{E5DA78C2-5DEF-4F5E-A862-2DCD4139AE6F}.Debug|Any CPU.Build.0 = Debug|Any CPU
		{E5DA78C2-5DEF-4F5E-A862-2DCD4139AE6F}.Release|Any CPU.ActiveCfg = Release|Any CPU
		{E5DA78C2-5DEF-4F5E-A862-2DCD4139AE6F}.Release|Any CPU.Build.0 = Release|Any CPU
		{0E001FCC-5941-4AA7-AB83-04B304B1EA22}.Debug|Any CPU.ActiveCfg = Debug|Any CPU
		{0E001FCC-5941-4AA7-AB83-04B304B1EA22}.Debug|Any CPU.Build.0 = Debug|Any CPU
		{0E001FCC-5941-4AA7-AB83-04B304B1EA22}.Release|Any CPU.ActiveCfg = Release|Any CPU
		{0E001FCC-5941-4AA7-AB83-04B304B1EA22}.Release|Any CPU.Build.0 = Release|Any CPU
		{86392699-6956-4899-B1A5-86C213D09B20}.Debug|Any CPU.ActiveCfg = Debug|Any CPU
		{86392699-6956-4899-B1A5-86C213D09B20}.Debug|Any CPU.Build.0 = Debug|Any CPU
		{86392699-6956-4899-B1A5-86C213D09B20}.Release|Any CPU.ActiveCfg = Release|Any CPU
		{86392699-6956-4899-B1A5-86C213D09B20}.Release|Any CPU.Build.0 = Release|Any CPU
		{C956041D-9C22-4ACB-B476-7DECC74CDD71}.Debug|Any CPU.ActiveCfg = Debug|Any CPU
		{C956041D-9C22-4ACB-B476-7DECC74CDD71}.Debug|Any CPU.Build.0 = Debug|Any CPU
		{C956041D-9C22-4ACB-B476-7DECC74CDD71}.Release|Any CPU.ActiveCfg = Release|Any CPU
		{C956041D-9C22-4ACB-B476-7DECC74CDD71}.Release|Any CPU.Build.0 = Release|Any CPU
		{A104114A-8DDB-4827-A29F-7218448F768E}.Debug|Any CPU.ActiveCfg = Debug|Any CPU
		{A104114A-8DDB-4827-A29F-7218448F768E}.Debug|Any CPU.Build.0 = Debug|Any CPU
		{A104114A-8DDB-4827-A29F-7218448F768E}.Release|Any CPU.ActiveCfg = Release|Any CPU
		{A104114A-8DDB-4827-A29F-7218448F768E}.Release|Any CPU.Build.0 = Release|Any CPU
	EndGlobalSection
EndGlobal
