
Microsoft Visual Studio Solution File, Format Version 12.00
# Visual Studio 2012
Project("{FAE04EC0-301F-11D3-BF4B-00C04F79EFBC}") = "Task01", "Task01\Task01.csproj", "{6965C24F-C9D8-4C4C-8DE2-C13C83C776E0}"
EndProject
Project("{FAE04EC0-301F-11D3-BF4B-00C04F79EFBC}") = "Task02", "Task02\Task02.csproj", "{2C23DA2A-3387-4DDF-949E-DB4B412DE97F}"
EndProject
Project("{FAE04EC0-301F-11D3-BF4B-00C04F79EFBC}") = "Task03", "Task03\Task03.csproj", "{EAB6804A-433B-4264-AA55-1562F345F264}"
EndProject
Project("{FAE04EC0-301F-11D3-BF4B-00C04F79EFBC}") = "Task04", "Task04\Task04.csproj", "{A65C2271-25CF-4A3C-A20F-7A764E2FC8AA}"
EndProject
Project("{FAE04EC0-301F-11D3-BF4B-00C04F79EFBC}") = "Task05", "Task05\Task05.csproj", "{AEF65C02-F5BA-4E98-9E30-F3F539B3DD8B}"
EndProject
Project("{FAE04EC0-301F-11D3-BF4B-00C04F79EFBC}") = "Task06", "Task06\Task06.csproj", "{2FCA0D00-FEDF-4F7F-A084-A67FA6B8B5E8}"
EndProject
Project("{FAE04EC0-301F-11D3-BF4B-00C04F79EFBC}") = "Task07", "Task07\Task07.csproj", "{37C4FE4C-5071-4724-ABEA-33C84B5D3CFD}"
EndProject
Project("{FAE04EC0-301F-11D3-BF4B-00C04F79EFBC}") = "Task08", "Task08\Task08.csproj", "{62A243B1-9298-48CD-8C37-75C5068C3235}"
EndProject
Project("{FAE04EC0-301F-11D3-BF4B-00C04F79EFBC}") = "Task09", "Task09\Task09.csproj", "{D3A4FAE2-5283-47E7-AE9C-8737EE614CCD}"
EndProject
Project("{FAE04EC0-301F-11D3-BF4B-00C04F79EFBC}") = "Task01Page18", "Task01Page18\Task01Page18.csproj", "{990F2E54-B0B9-4421-91F3-0B187AB5162B}"
EndProject
Project("{FAE04EC0-301F-11D3-BF4B-00C04F79EFBC}") = "Task02Page18", "Task02Page18\Task02Page18.csproj", "{0EDDE6CE-AA5D-4CBC-956E-6DEFB774465A}"
EndProject
Project("{FAE04EC0-301F-11D3-BF4B-00C04F79EFBC}") = "Task03Page18", "Task03Page18\Task03Page18.csproj", "{2EC8EAC9-62D8-4B5D-9961-0D5A3583C666}"
EndProject
Project("{FAE04EC0-301F-11D3-BF4B-00C04F79EFBC}") = "Task04Page18", "Task04Page18\Task04Page18.csproj", "{F0F60EE0-CE14-4B6D-BB8E-365094173577}"
EndProject
Global
	GlobalSection(SolutionConfigurationPlatforms) = preSolution
		Debug|Any CPU = Debug|Any CPU
		Release|Any CPU = Release|Any CPU
	EndGlobalSection
	GlobalSection(ProjectConfigurationPlatforms) = postSolution
		{6965C24F-C9D8-4C4C-8DE2-C13C83C776E0}.Debug|Any CPU.ActiveCfg = Debug|Any CPU
		{6965C24F-C9D8-4C4C-8DE2-C13C83C776E0}.Debug|Any CPU.Build.0 = Debug|Any CPU
		{6965C24F-C9D8-4C4C-8DE2-C13C83C776E0}.Release|Any CPU.ActiveCfg = Release|Any CPU
		{6965C24F-C9D8-4C4C-8DE2-C13C83C776E0}.Release|Any CPU.Build.0 = Release|Any CPU
		{2C23DA2A-3387-4DDF-949E-DB4B412DE97F}.Debug|Any CPU.ActiveCfg = Debug|Any CPU
		{2C23DA2A-3387-4DDF-949E-DB4B412DE97F}.Debug|Any CPU.Build.0 = Debug|Any CPU
		{2C23DA2A-3387-4DDF-949E-DB4B412DE97F}.Release|Any CPU.ActiveCfg = Release|Any CPU
		{2C23DA2A-3387-4DDF-949E-DB4B412DE97F}.Release|Any CPU.Build.0 = Release|Any CPU
		{EAB6804A-433B-4264-AA55-1562F345F264}.Debug|Any CPU.ActiveCfg = Debug|Any CPU
		{EAB6804A-433B-4264-AA55-1562F345F264}.Debug|Any CPU.Build.0 = Debug|Any CPU
		{EAB6804A-433B-4264-AA55-1562F345F264}.Release|Any CPU.ActiveCfg = Release|Any CPU
		{EAB6804A-433B-4264-AA55-1562F345F264}.Release|Any CPU.Build.0 = Release|Any CPU
		{A65C2271-25CF-4A3C-A20F-7A764E2FC8AA}.Debug|Any CPU.ActiveCfg = Debug|Any CPU
		{A65C2271-25CF-4A3C-A20F-7A764E2FC8AA}.Debug|Any CPU.Build.0 = Debug|Any CPU
		{A65C2271-25CF-4A3C-A20F-7A764E2FC8AA}.Release|Any CPU.ActiveCfg = Release|Any CPU
		{A65C2271-25CF-4A3C-A20F-7A764E2FC8AA}.Release|Any CPU.Build.0 = Release|Any CPU
		{AEF65C02-F5BA-4E98-9E30-F3F539B3DD8B}.Debug|Any CPU.ActiveCfg = Debug|Any CPU
		{AEF65C02-F5BA-4E98-9E30-F3F539B3DD8B}.Debug|Any CPU.Build.0 = Debug|Any CPU
		{AEF65C02-F5BA-4E98-9E30-F3F539B3DD8B}.Release|Any CPU.ActiveCfg = Release|Any CPU
		{AEF65C02-F5BA-4E98-9E30-F3F539B3DD8B}.Release|Any CPU.Build.0 = Release|Any CPU
		{2FCA0D00-FEDF-4F7F-A084-A67FA6B8B5E8}.Debug|Any CPU.ActiveCfg = Debug|Any CPU
		{2FCA0D00-FEDF-4F7F-A084-A67FA6B8B5E8}.Debug|Any CPU.Build.0 = Debug|Any CPU
		{2FCA0D00-FEDF-4F7F-A084-A67FA6B8B5E8}.Release|Any CPU.ActiveCfg = Release|Any CPU
		{2FCA0D00-FEDF-4F7F-A084-A67FA6B8B5E8}.Release|Any CPU.Build.0 = Release|Any CPU
		{37C4FE4C-5071-4724-ABEA-33C84B5D3CFD}.Debug|Any CPU.ActiveCfg = Debug|Any CPU
		{37C4FE4C-5071-4724-ABEA-33C84B5D3CFD}.Debug|Any CPU.Build.0 = Debug|Any CPU
		{37C4FE4C-5071-4724-ABEA-33C84B5D3CFD}.Release|Any CPU.ActiveCfg = Release|Any CPU
		{37C4FE4C-5071-4724-ABEA-33C84B5D3CFD}.Release|Any CPU.Build.0 = Release|Any CPU
		{62A243B1-9298-48CD-8C37-75C5068C3235}.Debug|Any CPU.ActiveCfg = Debug|Any CPU
		{62A243B1-9298-48CD-8C37-75C5068C3235}.Debug|Any CPU.Build.0 = Debug|Any CPU
		{62A243B1-9298-48CD-8C37-75C5068C3235}.Release|Any CPU.ActiveCfg = Release|Any CPU
		{62A243B1-9298-48CD-8C37-75C5068C3235}.Release|Any CPU.Build.0 = Release|Any CPU
		{D3A4FAE2-5283-47E7-AE9C-8737EE614CCD}.Debug|Any CPU.ActiveCfg = Debug|Any CPU
		{D3A4FAE2-5283-47E7-AE9C-8737EE614CCD}.Debug|Any CPU.Build.0 = Debug|Any CPU
		{D3A4FAE2-5283-47E7-AE9C-8737EE614CCD}.Release|Any CPU.ActiveCfg = Release|Any CPU
		{D3A4FAE2-5283-47E7-AE9C-8737EE614CCD}.Release|Any CPU.Build.0 = Release|Any CPU
		{990F2E54-B0B9-4421-91F3-0B187AB5162B}.Debug|Any CPU.ActiveCfg = Debug|Any CPU
		{990F2E54-B0B9-4421-91F3-0B187AB5162B}.Debug|Any CPU.Build.0 = Debug|Any CPU
		{990F2E54-B0B9-4421-91F3-0B187AB5162B}.Release|Any CPU.ActiveCfg = Release|Any CPU
		{990F2E54-B0B9-4421-91F3-0B187AB5162B}.Release|Any CPU.Build.0 = Release|Any CPU
		{0EDDE6CE-AA5D-4CBC-956E-6DEFB774465A}.Debug|Any CPU.ActiveCfg = Debug|Any CPU
		{0EDDE6CE-AA5D-4CBC-956E-6DEFB774465A}.Debug|Any CPU.Build.0 = Debug|Any CPU
		{0EDDE6CE-AA5D-4CBC-956E-6DEFB774465A}.Release|Any CPU.ActiveCfg = Release|Any CPU
		{0EDDE6CE-AA5D-4CBC-956E-6DEFB774465A}.Release|Any CPU.Build.0 = Release|Any CPU
		{2EC8EAC9-62D8-4B5D-9961-0D5A3583C666}.Debug|Any CPU.ActiveCfg = Debug|Any CPU
		{2EC8EAC9-62D8-4B5D-9961-0D5A3583C666}.Debug|Any CPU.Build.0 = Debug|Any CPU
		{2EC8EAC9-62D8-4B5D-9961-0D5A3583C666}.Release|Any CPU.ActiveCfg = Release|Any CPU
		{2EC8EAC9-62D8-4B5D-9961-0D5A3583C666}.Release|Any CPU.Build.0 = Release|Any CPU
		{F0F60EE0-CE14-4B6D-BB8E-365094173577}.Debug|Any CPU.ActiveCfg = Debug|Any CPU
		{F0F60EE0-CE14-4B6D-BB8E-365094173577}.Debug|Any CPU.Build.0 = Debug|Any CPU
		{F0F60EE0-CE14-4B6D-BB8E-365094173577}.Release|Any CPU.ActiveCfg = Release|Any CPU
		{F0F60EE0-CE14-4B6D-BB8E-365094173577}.Release|Any CPU.Build.0 = Release|Any CPU
	EndGlobalSection
EndGlobal
